
Microsoft Visual Studio Solution File, Format Version 12.00
# Visual Studio Version 17
VisualStudioVersion = 17.12.35707.178
MinimumVisualStudioVersion = 10.0.40219.1
Project("{FAE04EC0-301F-11D3-BF4B-00C04F79EFBC}") = "ZtrTemplates.Console", "templates\ZtrTemplates.Console\ZtrTemplates.Console.csproj", "{77400277-5ED7-4A62-B65D-0047CC21A158}"
EndProject
Project("{2150E333-8FDC-42A3-9474-1A3956D46DE8}") = "Elementy rozwiązania", "Elementy rozwiązania", "{547C3E3A-982D-4569-8732-80FA106798B4}"
	ProjectSection(SolutionItems) = preProject
		.editorconfig = .editorconfig
		Directory.Build.props = Directory.Build.props
		global.json = global.json
	EndProjectSection
EndProject
Project("{9A19103F-16F7-4668-BE54-9A1E7A4F7556}") = "_build", "build\_build.csproj", "{447A1CBF-6F89-4C07-B4B1-F99C476ADCB2}"
EndProject
Project("{FAE04EC0-301F-11D3-BF4B-00C04F79EFBC}") = "ZtrTemplates.Configuration.Shared", "templates\ZtrTemplates.Configuration.Shared\ZtrTemplates.Configuration.Shared.csproj", "{1DBB14EB-3533-494A-842C-3DB1EF3D2917}"
EndProject
Project("{FAE04EC0-301F-11D3-BF4B-00C04F79EFBC}") = "ZtrTemplates.Console.Tests", "templates\ZtrTemplates.Console.Tests\ZtrTemplates.Console.Tests.csproj", "{BF2F9CF3-FADF-4314-AEF8-E5727CE6A2FA}"
EndProject
Project("{2150E333-8FDC-42A3-9474-1A3956D46DE8}") = "templates", "templates", "{82DE6FA7-D07F-4EC4-822B-9234CE88B31E}"
EndProject
Global
	GlobalSection(SolutionConfigurationPlatforms) = preSolution
		Debug|Any CPU = Debug|Any CPU
		Release|Any CPU = Release|Any CPU
	EndGlobalSection
	GlobalSection(ProjectConfigurationPlatforms) = postSolution
		{77400277-5ED7-4A62-B65D-0047CC21A158}.Debug|Any CPU.ActiveCfg = Debug|Any CPU
		{77400277-5ED7-4A62-B65D-0047CC21A158}.Debug|Any CPU.Build.0 = Debug|Any CPU
		{77400277-5ED7-4A62-B65D-0047CC21A158}.Release|Any CPU.ActiveCfg = Release|Any CPU
		{77400277-5ED7-4A62-B65D-0047CC21A158}.Release|Any CPU.Build.0 = Release|Any CPU
		{447A1CBF-6F89-4C07-B4B1-F99C476ADCB2}.Debug|Any CPU.ActiveCfg = Debug|Any CPU
		{447A1CBF-6F89-4C07-B4B1-F99C476ADCB2}.Release|Any CPU.ActiveCfg = Release|Any CPU
		{1DBB14EB-3533-494A-842C-3DB1EF3D2917}.Debug|Any CPU.ActiveCfg = Debug|Any CPU
		{1DBB14EB-3533-494A-842C-3DB1EF3D2917}.Debug|Any CPU.Build.0 = Debug|Any CPU
		{1DBB14EB-3533-494A-842C-3DB1EF3D2917}.Release|Any CPU.ActiveCfg = Release|Any CPU
		{1DBB14EB-3533-494A-842C-3DB1EF3D2917}.Release|Any CPU.Build.0 = Release|Any CPU
		{BF2F9CF3-FADF-4314-AEF8-E5727CE6A2FA}.Debug|Any CPU.ActiveCfg = Debug|Any CPU
		{BF2F9CF3-FADF-4314-AEF8-E5727CE6A2FA}.Debug|Any CPU.Build.0 = Debug|Any CPU
		{BF2F9CF3-FADF-4314-AEF8-E5727CE6A2FA}.Release|Any CPU.ActiveCfg = Release|Any CPU
		{BF2F9CF3-FADF-4314-AEF8-E5727CE6A2FA}.Release|Any CPU.Build.0 = Release|Any CPU
	EndGlobalSection
	GlobalSection(SolutionProperties) = preSolution
		HideSolutionNode = FALSE
	EndGlobalSection
	GlobalSection(NestedProjects) = preSolution
		{77400277-5ED7-4A62-B65D-0047CC21A158} = {82DE6FA7-D07F-4EC4-822B-9234CE88B31E}
		{1DBB14EB-3533-494A-842C-3DB1EF3D2917} = {82DE6FA7-D07F-4EC4-822B-9234CE88B31E}
		{BF2F9CF3-FADF-4314-AEF8-E5727CE6A2FA} = {82DE6FA7-D07F-4EC4-822B-9234CE88B31E}
	EndGlobalSection
EndGlobal
